
Microsoft Visual Studio Solution File, Format Version 12.00
# Visual Studio Version 17
VisualStudioVersion = 17.8.34330.188
MinimumVisualStudioVersion = 10.0.40219.1
Project("{FAE04EC0-301F-11D3-BF4B-00C04F79EFBC}") = "Taskscheduler", "Taskscheduler.csproj", "{C3FC3F08-1E5C-4A5E-8E29-B347A4536327}"
EndProject
Global
	GlobalSection(SolutionConfigurationPlatforms) = preSolution
		Debug|Any CPU = Debug|Any CPU
		Release|Any CPU = Release|Any CPU
	EndGlobalSection
	GlobalSection(ProjectConfigurationPlatforms) = postSolution
		{C3FC3F08-1E5C-4A5E-8E29-B347A4536327}.Debug|Any CPU.ActiveCfg = Debug|Any CPU
		{C3FC3F08-1E5C-4A5E-8E29-B347A4536327}.Debug|Any CPU.Build.0 = Debug|Any CPU
		{C3FC3F08-1E5C-4A5E-8E29-B347A4536327}.Release|Any CPU.ActiveCfg = Release|Any CPU
		{C3FC3F08-1E5C-4A5E-8E29-B347A4536327}.Release|Any CPU.Build.0 = Release|Any CPU
	EndGlobalSection
	GlobalSection(SolutionProperties) = preSolution
		HideSolutionNode = FALSE
	EndGlobalSection
	GlobalSection(ExtensibilityGlobals) = postSolution
		SolutionGuid = {E808223B-27CF-4EEA-8644-BC0C21574BC1}
	EndGlobalSection
EndGlobal
